
Microsoft Visual Studio Solution File, Format Version 12.00
# Visual Studio Version 16
VisualStudioVersion = 16.0.31410.357
MinimumVisualStudioVersion = 10.0.40219.1
Project("{FAE04EC0-301F-11D3-BF4B-00C04F79EFBC}") = "FirstAPIDemo", "FirstAPIDemo\FirstAPIDemo.csproj", "{D07B27DC-6D66-418A-AE44-72875D8D937D}"
EndProject
Global
	GlobalSection(SolutionConfigurationPlatforms) = preSolution
		Debug|Any CPU = Debug|Any CPU
		Release|Any CPU = Release|Any CPU
	EndGlobalSection
	GlobalSection(ProjectConfigurationPlatforms) = postSolution
		{D07B27DC-6D66-418A-AE44-72875D8D937D}.Debug|Any CPU.ActiveCfg = Debug|Any CPU
		{D07B27DC-6D66-418A-AE44-72875D8D937D}.Debug|Any CPU.Build.0 = Debug|Any CPU
		{D07B27DC-6D66-418A-AE44-72875D8D937D}.Release|Any CPU.ActiveCfg = Release|Any CPU
		{D07B27DC-6D66-418A-AE44-72875D8D937D}.Release|Any CPU.Build.0 = Release|Any CPU
	EndGlobalSection
	GlobalSection(SolutionProperties) = preSolution
		HideSolutionNode = FALSE
	EndGlobalSection
	GlobalSection(ExtensibilityGlobals) = postSolution
		SolutionGuid = {8FB2943D-3A6E-42A8-BE1D-A494F083792C}
	EndGlobalSection
EndGlobal
